// !$*UTF8*$!
{
	archiveVersion = 1;
	classes = {
	};
	objectVersion = 46;
	objects = {

/* Begin PBXBuildFile section */
		9B2238E81F650D5F001B9C63 /* AppDelegate.swift in Sources */ = {isa = PBXBuildFile; fileRef = 9B2238E71F650D5F001B9C63 /* AppDelegate.swift */; };
		9B2238EA1F650D5F001B9C63 /* ViewController.swift in Sources */ = {isa = PBXBuildFile; fileRef = 9B2238E91F650D5F001B9C63 /* ViewController.swift */; };
		9B2238ED1F650D5F001B9C63 /* Main.storyboard in Resources */ = {isa = PBXBuildFile; fileRef = 9B2238EB1F650D5F001B9C63 /* Main.storyboard */; };
		9B2238F01F650D5F001B9C63 /* Vome.xcdatamodeld in Sources */ = {isa = PBXBuildFile; fileRef = 9B2238EE1F650D5F001B9C63 /* Vome.xcdatamodeld */; };
		9B2238F21F650D5F001B9C63 /* Assets.xcassets in Resources */ = {isa = PBXBuildFile; fileRef = 9B2238F11F650D5F001B9C63 /* Assets.xcassets */; };
		9B2238F51F650D5F001B9C63 /* LaunchScreen.storyboard in Resources */ = {isa = PBXBuildFile; fileRef = 9B2238F31F650D5F001B9C63 /* LaunchScreen.storyboard */; };
		9B2239001F650D5F001B9C63 /* VomeTests.swift in Sources */ = {isa = PBXBuildFile; fileRef = 9B2238FF1F650D5F001B9C63 /* VomeTests.swift */; };
		9B22390B1F650D5F001B9C63 /* VomeUITests.swift in Sources */ = {isa = PBXBuildFile; fileRef = 9B22390A1F650D5F001B9C63 /* VomeUITests.swift */; };
/* End PBXBuildFile section */

/* Begin PBXContainerItemProxy section */
		9B2238FC1F650D5F001B9C63 /* PBXContainerItemProxy */ = {
			isa = PBXContainerItemProxy;
			containerPortal = 9B2238DC1F650D5F001B9C63 /* Project object */;
			proxyType = 1;
			remoteGlobalIDString = 9B2238E31F650D5F001B9C63;
			remoteInfo = Vome;
		};
		9B2239071F650D5F001B9C63 /* PBXContainerItemProxy */ = {
			isa = PBXContainerItemProxy;
			containerPortal = 9B2238DC1F650D5F001B9C63 /* Project object */;
			proxyType = 1;
			remoteGlobalIDString = 9B2238E31F650D5F001B9C63;
			remoteInfo = Vome;
		};
/* End PBXContainerItemProxy section */

/* Begin PBXFileReference section */
		9B2238E41F650D5F001B9C63 /* Vome.app */ = {isa = PBXFileReference; explicitFileType = wrapper.application; includeInIndex = 0; path = Vome.app; sourceTree = BUILT_PRODUCTS_DIR; };
		9B2238E71F650D5F001B9C63 /* AppDelegate.swift */ = {isa = PBXFileReference; lastKnownFileType = sourcecode.swift; path = AppDelegate.swift; sourceTree = "<group>"; };
		9B2238E91F650D5F001B9C63 /* ViewController.swift */ = {isa = PBXFileReference; lastKnownFileType = sourcecode.swift; path = ViewController.swift; sourceTree = "<group>"; };
		9B2238EC1F650D5F001B9C63 /* Base */ = {isa = PBXFileReference; lastKnownFileType = file.storyboard; name = Base; path = Base.lproj/Main.storyboard; sourceTree = "<group>"; };
		9B2238EF1F650D5F001B9C63 /* Vome.xcdatamodel */ = {isa = PBXFileReference; lastKnownFileType = wrapper.xcdatamodel; path = Vome.xcdatamodel; sourceTree = "<group>"; };
		9B2238F11F650D5F001B9C63 /* Assets.xcassets */ = {isa = PBXFileReference; lastKnownFileType = folder.assetcatalog; path = Assets.xcassets; sourceTree = "<group>"; };
		9B2238F41F650D5F001B9C63 /* Base */ = {isa = PBXFileReference; lastKnownFileType = file.storyboard; name = Base; path = Base.lproj/LaunchScreen.storyboard; sourceTree = "<group>"; };
		9B2238F61F650D5F001B9C63 /* Info.plist */ = {isa = PBXFileReference; lastKnownFileType = text.plist.xml; path = Info.plist; sourceTree = "<group>"; };
		9B2238FB1F650D5F001B9C63 /* VomeTests.xctest */ = {isa = PBXFileReference; explicitFileType = wrapper.cfbundle; includeInIndex = 0; path = VomeTests.xctest; sourceTree = BUILT_PRODUCTS_DIR; };
		9B2238FF1F650D5F001B9C63 /* VomeTests.swift */ = {isa = PBXFileReference; lastKnownFileType = sourcecode.swift; path = VomeTests.swift; sourceTree = "<group>"; };
		9B2239011F650D5F001B9C63 /* Info.plist */ = {isa = PBXFileReference; lastKnownFileType = text.plist.xml; path = Info.plist; sourceTree = "<group>"; };
		9B2239061F650D5F001B9C63 /* VomeUITests.xctest */ = {isa = PBXFileReference; explicitFileType = wrapper.cfbundle; includeInIndex = 0; path = VomeUITests.xctest; sourceTree = BUILT_PRODUCTS_DIR; };
		9B22390A1F650D5F001B9C63 /* VomeUITests.swift */ = {isa = PBXFileReference; lastKnownFileType = sourcecode.swift; path = VomeUITests.swift; sourceTree = "<group>"; };
		9B22390C1F650D5F001B9C63 /* Info.plist */ = {isa = PBXFileReference; lastKnownFileType = text.plist.xml; path = Info.plist; sourceTree = "<group>"; };
/* End PBXFileReference section */

/* Begin PBXFrameworksBuildPhase section */
		9B2238E11F650D5F001B9C63 /* Frameworks */ = {
			isa = PBXFrameworksBuildPhase;
			buildActionMask = 2147483647;
			files = (
			);
			runOnlyForDeploymentPostprocessing = 0;
		};
		9B2238F81F650D5F001B9C63 /* Frameworks */ = {
			isa = PBXFrameworksBuildPhase;
			buildActionMask = 2147483647;
			files = (
			);
			runOnlyForDeploymentPostprocessing = 0;
		};
		9B2239031F650D5F001B9C63 /* Frameworks */ = {
			isa = PBXFrameworksBuildPhase;
			buildActionMask = 2147483647;
			files = (
			);
			runOnlyForDeploymentPostprocessing = 0;
		};
/* End PBXFrameworksBuildPhase section */

/* Begin PBXGroup section */
		9B2238DB1F650D5F001B9C63 = {
			isa = PBXGroup;
			children = (
				9B2238E61F650D5F001B9C63 /* Vome */,
				9B2238FE1F650D5F001B9C63 /* VomeTests */,
				9B2239091F650D5F001B9C63 /* VomeUITests */,
				9B2238E51F650D5F001B9C63 /* Products */,
			);
			sourceTree = "<group>";
		};
		9B2238E51F650D5F001B9C63 /* Products */ = {
			isa = PBXGroup;
			children = (
				9B2238E41F650D5F001B9C63 /* Vome.app */,
				9B2238FB1F650D5F001B9C63 /* VomeTests.xctest */,
				9B2239061F650D5F001B9C63 /* VomeUITests.xctest */,
			);
			name = Products;
			sourceTree = "<group>";
		};
		9B2238E61F650D5F001B9C63 /* Vome */ = {
			isa = PBXGroup;
			children = (
				9B2238E71F650D5F001B9C63 /* AppDelegate.swift */,
				9B2238E91F650D5F001B9C63 /* ViewController.swift */,
				9B2238EB1F650D5F001B9C63 /* Main.storyboard */,
				9B2238F11F650D5F001B9C63 /* Assets.xcassets */,
				9B2238F31F650D5F001B9C63 /* LaunchScreen.storyboard */,
				9B2238F61F650D5F001B9C63 /* Info.plist */,
				9B2238EE1F650D5F001B9C63 /* Vome.xcdatamodeld */,
			);
			path = Vome;
			sourceTree = "<group>";
		};
		9B2238FE1F650D5F001B9C63 /* VomeTests */ = {
			isa = PBXGroup;
			children = (
				9B2238FF1F650D5F001B9C63 /* VomeTests.swift */,
				9B2239011F650D5F001B9C63 /* Info.plist */,
			);
			path = VomeTests;
			sourceTree = "<group>";
		};
		9B2239091F650D5F001B9C63 /* VomeUITests */ = {
			isa = PBXGroup;
			children = (
				9B22390A1F650D5F001B9C63 /* VomeUITests.swift */,
				9B22390C1F650D5F001B9C63 /* Info.plist */,
			);
			path = VomeUITests;
			sourceTree = "<group>";
		};
/* End PBXGroup section */

/* Begin PBXNativeTarget section */
		9B2238E31F650D5F001B9C63 /* Vome */ = {
			isa = PBXNativeTarget;
			buildConfigurationList = 9B22390F1F650D5F001B9C63 /* Build configuration list for PBXNativeTarget "Vome" */;
			buildPhases = (
				9B2238E01F650D5F001B9C63 /* Sources */,
				9B2238E11F650D5F001B9C63 /* Frameworks */,
				9B2238E21F650D5F001B9C63 /* Resources */,
			);
			buildRules = (
			);
			dependencies = (
			);
			name = Vome;
			productName = Vome;
			productReference = 9B2238E41F650D5F001B9C63 /* Vome.app */;
			productType = "com.apple.product-type.application";
		};
		9B2238FA1F650D5F001B9C63 /* VomeTests */ = {
			isa = PBXNativeTarget;
			buildConfigurationList = 9B2239121F650D5F001B9C63 /* Build configuration list for PBXNativeTarget "VomeTests" */;
			buildPhases = (
				9B2238F71F650D5F001B9C63 /* Sources */,
				9B2238F81F650D5F001B9C63 /* Frameworks */,
				9B2238F91F650D5F001B9C63 /* Resources */,
			);
			buildRules = (
			);
			dependencies = (
				9B2238FD1F650D5F001B9C63 /* PBXTargetDependency */,
			);
			name = VomeTests;
			productName = VomeTests;
			productReference = 9B2238FB1F650D5F001B9C63 /* VomeTests.xctest */;
			productType = "com.apple.product-type.bundle.unit-test";
		};
		9B2239051F650D5F001B9C63 /* VomeUITests */ = {
			isa = PBXNativeTarget;
			buildConfigurationList = 9B2239151F650D5F001B9C63 /* Build configuration list for PBXNativeTarget "VomeUITests" */;
			buildPhases = (
				9B2239021F650D5F001B9C63 /* Sources */,
				9B2239031F650D5F001B9C63 /* Frameworks */,
				9B2239041F650D5F001B9C63 /* Resources */,
			);
			buildRules = (
			);
			dependencies = (
				9B2239081F650D5F001B9C63 /* PBXTargetDependency */,
			);
			name = VomeUITests;
			productName = VomeUITests;
			productReference = 9B2239061F650D5F001B9C63 /* VomeUITests.xctest */;
			productType = "com.apple.product-type.bundle.ui-testing";
		};
/* End PBXNativeTarget section */

/* Begin PBXProject section */
		9B2238DC1F650D5F001B9C63 /* Project object */ = {
			isa = PBXProject;
			attributes = {
				LastSwiftUpdateCheck = 0830;
				LastUpgradeCheck = 0830;
				ORGANIZATIONNAME = "Bheem Singh";
				TargetAttributes = {
					9B2238E31F650D5F001B9C63 = {
						CreatedOnToolsVersion = 8.3.3;
						ProvisioningStyle = Automatic;
					};
					9B2238FA1F650D5F001B9C63 = {
						CreatedOnToolsVersion = 8.3.3;
						ProvisioningStyle = Automatic;
						TestTargetID = 9B2238E31F650D5F001B9C63;
					};
					9B2239051F650D5F001B9C63 = {
						CreatedOnToolsVersion = 8.3.3;
						ProvisioningStyle = Automatic;
						TestTargetID = 9B2238E31F650D5F001B9C63;
					};
				};
			};
			buildConfigurationList = 9B2238DF1F650D5F001B9C63 /* Build configuration list for PBXProject "Vome" */;
			compatibilityVersion = "Xcode 3.2";
			developmentRegion = English;
			hasScannedForEncodings = 0;
			knownRegions = (
				en,
				Base,
			);
			mainGroup = 9B2238DB1F650D5F001B9C63;
			productRefGroup = 9B2238E51F650D5F001B9C63 /* Products */;
			projectDirPath = "";
			projectRoot = "";
			targets = (
				9B2238E31F650D5F001B9C63 /* Vome */,
				9B2238FA1F650D5F001B9C63 /* VomeTests */,
				9B2239051F650D5F001B9C63 /* VomeUITests */,
			);
		};
/* End PBXProject section */

/* Begin PBXResourcesBuildPhase section */
		9B2238E21F650D5F001B9C63 /* Resources */ = {
			isa = PBXResourcesBuildPhase;
			buildActionMask = 2147483647;
			files = (
				9B2238F51F650D5F001B9C63 /* LaunchScreen.storyboard in Resources */,
				9B2238F21F650D5F001B9C63 /* Assets.xcassets in Resources */,
				9B2238ED1F650D5F001B9C63 /* Main.storyboard in Resources */,
			);
			runOnlyForDeploymentPostprocessing = 0;
		};
		9B2238F91F650D5F001B9C63 /* Resources */ = {
			isa = PBXResourcesBuildPhase;
			buildActionMask = 2147483647;
			files = (
			);
			runOnlyForDeploymentPostprocessing = 0;
		};
		9B2239041F650D5F001B9C63 /* Resources */ = {
			isa = PBXResourcesBuildPhase;
			buildActionMask = 2147483647;
			files = (
			);
			runOnlyForDeploymentPostprocessing = 0;
		};
/* End PBXResourcesBuildPhase section */

/* Begin PBXSourcesBuildPhase section */
		9B2238E01F650D5F001B9C63 /* Sources */ = {
			isa = PBXSourcesBuildPhase;
			buildActionMask = 2147483647;
			files = (
				9B2238EA1F650D5F001B9C63 /* ViewController.swift in Sources */,
				9B2238F01F650D5F001B9C63 /* Vome.xcdatamodeld in Sources */,
				9B2238E81F650D5F001B9C63 /* AppDelegate.swift in Sources */,
			);
			runOnlyForDeploymentPostprocessing = 0;
		};
		9B2238F71F650D5F001B9C63 /* Sources */ = {
			isa = PBXSourcesBuildPhase;
			buildActionMask = 2147483647;
			files = (
				9B2239001F650D5F001B9C63 /* VomeTests.swift in Sources */,
			);
			runOnlyForDeploymentPostprocessing = 0;
		};
		9B2239021F650D5F001B9C63 /* Sources */ = {
			isa = PBXSourcesBuildPhase;
			buildActionMask = 2147483647;
			files = (
				9B22390B1F650D5F001B9C63 /* VomeUITests.swift in Sources */,
			);
			runOnlyForDeploymentPostprocessing = 0;
		};
/* End PBXSourcesBuildPhase section */

/* Begin PBXTargetDependency section */
		9B2238FD1F650D5F001B9C63 /* PBXTargetDependency */ = {
			isa = PBXTargetDependency;
			target = 9B2238E31F650D5F001B9C63 /* Vome */;
			targetProxy = 9B2238FC1F650D5F001B9C63 /* PBXContainerItemProxy */;
		};
		9B2239081F650D5F001B9C63 /* PBXTargetDependency */ = {
			isa = PBXTargetDependency;
			target = 9B2238E31F650D5F001B9C63 /* Vome */;
			targetProxy = 9B2239071F650D5F001B9C63 /* PBXContainerItemProxy */;
		};
/* End PBXTargetDependency section */

/* Begin PBXVariantGroup section */
		9B2238EB1F650D5F001B9C63 /* Main.storyboard */ = {
			isa = PBXVariantGroup;
			children = (
				9B2238EC1F650D5F001B9C63 /* Base */,
			);
			name = Main.storyboard;
			sourceTree = "<group>";
		};
		9B2238F31F650D5F001B9C63 /* LaunchScreen.storyboard */ = {
			isa = PBXVariantGroup;
			children = (
				9B2238F41F650D5F001B9C63 /* Base */,
			);
			name = LaunchScreen.storyboard;
			sourceTree = "<group>";
		};
/* End PBXVariantGroup section */

/* Begin XCBuildConfiguration section */
		9B22390D1F650D5F001B9C63 /* Debug */ = {
			isa = XCBuildConfiguration;
			buildSettings = {
				ALWAYS_SEARCH_USER_PATHS = NO;
				CLANG_ANALYZER_NONNULL = YES;
				CLANG_ANALYZER_NUMBER_OBJECT_CONVERSION = YES_AGGRESSIVE;
				CLANG_CXX_LANGUAGE_STANDARD = "gnu++0x";
				CLANG_CXX_LIBRARY = "libc++";
				CLANG_ENABLE_MODULES = YES;
				CLANG_ENABLE_OBJC_ARC = YES;
				CLANG_WARN_BOOL_CONVERSION = YES;
				CLANG_WARN_CONSTANT_CONVERSION = YES;
				CLANG_WARN_DIRECT_OBJC_ISA_USAGE = YES_ERROR;
				CLANG_WARN_DOCUMENTATION_COMMENTS = YES;
				CLANG_WARN_EMPTY_BODY = YES;
				CLANG_WARN_ENUM_CONVERSION = YES;
				CLANG_WARN_INFINITE_RECURSION = YES;
				CLANG_WARN_INT_CONVERSION = YES;
				CLANG_WARN_OBJC_ROOT_CLASS = YES_ERROR;
				CLANG_WARN_SUSPICIOUS_MOVE = YES;
				CLANG_WARN_UNREACHABLE_CODE = YES;
				CLANG_WARN__DUPLICATE_METHOD_MATCH = YES;
				"CODE_SIGN_IDENTITY[sdk=iphoneos*]" = "iPhone Developer";
				COPY_PHASE_STRIP = NO;
				DEBUG_INFORMATION_FORMAT = dwarf;
				ENABLE_STRICT_OBJC_MSGSEND = YES;
				ENABLE_TESTABILITY = YES;
				GCC_C_LANGUAGE_STANDARD = gnu99;
				GCC_DYNAMIC_NO_PIC = NO;
				GCC_NO_COMMON_BLOCKS = YES;
				GCC_OPTIMIZATION_LEVEL = 0;
				GCC_PREPROCESSOR_DEFINITIONS = (
					"DEBUG=1",
					"$(inherited)",
				);
				GCC_WARN_64_TO_32_BIT_CONVERSION = YES;
				GCC_WARN_ABOUT_RETURN_TYPE = YES_ERROR;
				GCC_WARN_UNDECLARED_SELECTOR = YES;
				GCC_WARN_UNINITIALIZED_AUTOS = YES_AGGRESSIVE;
				GCC_WARN_UNUSED_FUNCTION = YES;
				GCC_WARN_UNUSED_VARIABLE = YES;
				IPHONEOS_DEPLOYMENT_TARGET = 10.3;
				MTL_ENABLE_DEBUG_INFO = YES;
				ONLY_ACTIVE_ARCH = YES;
				SDKROOT = iphoneos;
				SWIFT_ACTIVE_COMPILATION_CONDITIONS = DEBUG;
				SWIFT_OPTIMIZATION_LEVEL = "-Onone";
				TARGETED_DEVICE_FAMILY = "1,2";
			};
			name = Debug;
		};
		9B22390E1F650D5F001B9C63 /* Release */ = {
			isa = XCBuildConfiguration;
			buildSettings = {
				ALWAYS_SEARCH_USER_PATHS = NO;
				CLANG_ANALYZER_NONNULL = YES;
				CLANG_ANALYZER_NUMBER_OBJECT_CONVERSION = YES_AGGRESSIVE;
				CLANG_CXX_LANGUAGE_STANDARD = "gnu++0x";
				CLANG_CXX_LIBRARY = "libc++";
				CLANG_ENABLE_MODULES = YES;
				CLANG_ENABLE_OBJC_ARC = YES;
				CLANG_WARN_BOOL_CONVERSION = YES;
				CLANG_WARN_CONSTANT_CONVERSION = YES;
				CLANG_WARN_DIRECT_OBJC_ISA_USAGE = YES_ERROR;
				CLANG_WARN_DOCUMENTATION_COMMENTS = YES;
				CLANG_WARN_EMPTY_BODY = YES;
				CLANG_WARN_ENUM_CONVERSION = YES;
				CLANG_WARN_INFINITE_RECURSION = YES;
				CLANG_WARN_INT_CONVERSION = YES;
				CLANG_WARN_OBJC_ROOT_CLASS = YES_ERROR;
				CLANG_WARN_SUSPICIOUS_MOVE = YES;
				CLANG_WARN_UNREACHABLE_CODE = YES;
				CLANG_WARN__DUPLICATE_METHOD_MATCH = YES;
				"CODE_SIGN_IDENTITY[sdk=iphoneos*]" = "iPhone Developer";
				COPY_PHASE_STRIP = NO;
				DEBUG_INFORMATION_FORMAT = "dwarf-with-dsym";
				ENABLE_NS_ASSERTIONS = NO;
				ENABLE_STRICT_OBJC_MSGSEND = YES;
				GCC_C_LANGUAGE_STANDARD = gnu99;
				GCC_NO_COMMON_BLOCKS = YES;
				GCC_WARN_64_TO_32_BIT_CONVERSION = YES;
				GCC_WARN_ABOUT_RETURN_TYPE = YES_ERROR;
				GCC_WARN_UNDECLARED_SELECTOR = YES;
				GCC_WARN_UNINITIALIZED_AUTOS = YES_AGGRESSIVE;
				GCC_WARN_UNUSED_FUNCTION = YES;
				GCC_WARN_UNUSED_VARIABLE = YES;
				IPHONEOS_DEPLOYMENT_TARGET = 10.3;
				MTL_ENABLE_DEBUG_INFO = NO;
				SDKROOT = iphoneos;
				SWIFT_OPTIMIZATION_LEVEL = "-Owholemodule";
				TARGETED_DEVICE_FAMILY = "1,2";
				VALIDATE_PRODUCT = YES;
			};
			name = Release;
		};
		9B2239101F650D5F001B9C63 /* Debug */ = {
			isa = XCBuildConfiguration;
			buildSettings = {
				ASSETCATALOG_COMPILER_APPICON_NAME = AppIcon;
				INFOPLIST_FILE = Vome/Info.plist;
				LD_RUNPATH_SEARCH_PATHS = "$(inherited) @executable_path/Frameworks";
				PRODUCT_BUNDLE_IDENTIFIER = vidheya.Vome;
				PRODUCT_NAME = "$(TARGET_NAME)";
				SWIFT_VERSION = 3.0;
			};
			name = Debug;
		};
		9B2239111F650D5F001B9C63 /* Release */ = {
			isa = XCBuildConfiguration;
			buildSettings = {
				ASSETCATALOG_COMPILER_APPICON_NAME = AppIcon;
				INFOPLIST_FILE = Vome/Info.plist;
				LD_RUNPATH_SEARCH_PATHS = "$(inherited) @executable_path/Frameworks";
				PRODUCT_BUNDLE_IDENTIFIER = vidheya.Vome;
				PRODUCT_NAME = "$(TARGET_NAME)";
				SWIFT_VERSION = 3.0;
			};
			name = Release;
		};
		9B2239131F650D5F001B9C63 /* Debug */ = {
			isa = XCBuildConfiguration;
			buildSettings = {
				ALWAYS_EMBED_SWIFT_STANDARD_LIBRARIES = YES;
				BUNDLE_LOADER = "$(TEST_HOST)";
				INFOPLIST_FILE = VomeTests/Info.plist;
				LD_RUNPATH_SEARCH_PATHS = "$(inherited) @executable_path/Frameworks @loader_path/Frameworks";
				PRODUCT_BUNDLE_IDENTIFIER = vidheya.VomeTests;
				PRODUCT_NAME = "$(TARGET_NAME)";
				SWIFT_VERSION = 3.0;
				TEST_HOST = "$(BUILT_PRODUCTS_DIR)/Vome.app/Vome";
			};
			name = Debug;
		};
		9B2239141F650D5F001B9C63 /* Release */ = {
			isa = XCBuildConfiguration;
			buildSettings = {
				ALWAYS_EMBED_SWIFT_STANDARD_LIBRARIES = YES;
				BUNDLE_LOADER = "$(TEST_HOST)";
				INFOPLIST_FILE = VomeTests/Info.plist;
				LD_RUNPATH_SEARCH_PATHS = "$(inherited) @executable_path/Frameworks @loader_path/Frameworks";
				PRODUCT_BUNDLE_IDENTIFIER = vidheya.VomeTests;
				PRODUCT_NAME = "$(TARGET_NAME)";
				SWIFT_VERSION = 3.0;
				TEST_HOST = "$(BUILT_PRODUCTS_DIR)/Vome.app/Vome";
			};
			name = Release;
		};
		9B2239161F650D5F001B9C63 /* Debug */ = {
			isa = XCBuildConfiguration;
			buildSettings = {
				ALWAYS_EMBED_SWIFT_STANDARD_LIBRARIES = YES;
				INFOPLIST_FILE = VomeUITests/Info.plist;
				LD_RUNPATH_SEARCH_PATHS = "$(inherited) @executable_path/Frameworks @loader_path/Frameworks";
				PRODUCT_BUNDLE_IDENTIFIER = vidheya.VomeUITests;
				PRODUCT_NAME = "$(TARGET_NAME)";
				SWIFT_VERSION = 3.0;
				TEST_TARGET_NAME = Vome;
			};
			name = Debug;
		};
		9B2239171F650D5F001B9C63 /* Release */ = {
			isa = XCBuildConfiguration;
			buildSettings = {
				ALWAYS_EMBED_SWIFT_STANDARD_LIBRARIES = YES;
				INFOPLIST_FILE = VomeUITests/Info.plist;
				LD_RUNPATH_SEARCH_PATHS = "$(inherited) @executable_path/Frameworks @loader_path/Frameworks";
				PRODUCT_BUNDLE_IDENTIFIER = vidheya.VomeUITests;
				PRODUCT_NAME = "$(TARGET_NAME)";
				SWIFT_VERSION = 3.0;
				TEST_TARGET_NAME = Vome;
			};
			name = Release;
		};
/* End XCBuildConfiguration section */

/* Begin XCConfigurationList section */
		9B2238DF1F650D5F001B9C63 /* Build configuration list for PBXProject "Vome" */ = {
			isa = XCConfigurationList;
			buildConfigurations = (
				9B22390D1F650D5F001B9C63 /* Debug */,
				9B22390E1F650D5F001B9C63 /* Release */,
			);
			defaultConfigurationIsVisible = 0;
			defaultConfigurationName = Release;
		};
		9B22390F1F650D5F001B9C63 /* Build configuration list for PBXNativeTarget "Vome" */ = {
			isa = XCConfigurationList;
			buildConfigurations = (
				9B2239101F650D5F001B9C63 /* Debug */,
				9B2239111F650D5F001B9C63 /* Release */,
			);
			defaultConfigurationIsVisible = 0;
		};
		9B2239121F650D5F001B9C63 /* Build configuration list for PBXNativeTarget "VomeTests" */ = {
			isa = XCConfigurationList;
			buildConfigurations = (
				9B2239131F650D5F001B9C63 /* Debug */,
				9B2239141F650D5F001B9C63 /* Release */,
			);
			defaultConfigurationIsVisible = 0;
		};
		9B2239151F650D5F001B9C63 /* Build configuration list for PBXNativeTarget "VomeUITests" */ = {
			isa = XCConfigurationList;
			buildConfigurations = (
				9B2239161F650D5F001B9C63 /* Debug */,
				9B2239171F650D5F001B9C63 /* Release */,
			);
			defaultConfigurationIsVisible = 0;
		};
/* End XCConfigurationList section */

/* Begin XCVersionGroup section */
		9B2238EE1F650D5F001B9C63 /* Vome.xcdatamodeld */ = {
			isa = XCVersionGroup;
			children = (
				9B2238EF1F650D5F001B9C63 /* Vome.xcdatamodel */,
			);
			currentVersion = 9B2238EF1F650D5F001B9C63 /* Vome.xcdatamodel */;
			path = Vome.xcdatamodeld;
			sourceTree = "<group>";
			versionGroupType = wrapper.xcdatamodel;
		};
/* End XCVersionGroup section */
	};
	rootObject = 9B2238DC1F650D5F001B9C63 /* Project object */;
}
